
Microsoft Visual Studio Solution File, Format Version 12.00
# Visual Studio Version 16
VisualStudioVersion = 16.0.30621.155
MinimumVisualStudioVersion = 10.0.40219.1
Project("{9A19103F-16F7-4668-BE54-9A1E7A4F7556}") = "TestDrivenDevelopment", "TestDrivenDevelopment\TestDrivenDevelopment.csproj", "{73C2825F-1B54-4D8A-9743-066B146ADF49}"
EndProject
Project("{FAE04EC0-301F-11D3-BF4B-00C04F79EFBC}") = "XUnitTestProject3", "XUnitTestProject3\XUnitTestProject3.csproj", "{167483A6-A8EB-4E5A-9973-0FEF3E16B997}"
EndProject
Global
	GlobalSection(SolutionConfigurationPlatforms) = preSolution
		Debug|Any CPU = Debug|Any CPU
		Release|Any CPU = Release|Any CPU
	EndGlobalSection
	GlobalSection(ProjectConfigurationPlatforms) = postSolution
		{73C2825F-1B54-4D8A-9743-066B146ADF49}.Debug|Any CPU.ActiveCfg = Debug|Any CPU
		{73C2825F-1B54-4D8A-9743-066B146ADF49}.Debug|Any CPU.Build.0 = Debug|Any CPU
		{73C2825F-1B54-4D8A-9743-066B146ADF49}.Release|Any CPU.ActiveCfg = Release|Any CPU
		{73C2825F-1B54-4D8A-9743-066B146ADF49}.Release|Any CPU.Build.0 = Release|Any CPU
		{167483A6-A8EB-4E5A-9973-0FEF3E16B997}.Debug|Any CPU.ActiveCfg = Debug|Any CPU
		{167483A6-A8EB-4E5A-9973-0FEF3E16B997}.Debug|Any CPU.Build.0 = Debug|Any CPU
		{167483A6-A8EB-4E5A-9973-0FEF3E16B997}.Release|Any CPU.ActiveCfg = Release|Any CPU
		{167483A6-A8EB-4E5A-9973-0FEF3E16B997}.Release|Any CPU.Build.0 = Release|Any CPU
	EndGlobalSection
	GlobalSection(SolutionProperties) = preSolution
		HideSolutionNode = FALSE
	EndGlobalSection
	GlobalSection(ExtensibilityGlobals) = postSolution
		SolutionGuid = {0041D431-C9D3-48DB-9101-C1020D9C0646}
	EndGlobalSection
EndGlobal
